
Microsoft Visual Studio Solution File, Format Version 12.00
# Visual Studio Version 16
VisualStudioVersion = 16.0.28803.452
MinimumVisualStudioVersion = 10.0.40219.1
Project("{FAE04EC0-301F-11D3-BF4B-00C04F79EFBC}") = "ConsoleApp1", "ConsoleApp1\ConsoleApp1.csproj", "{E7A19ABB-1C0B-46E8-8AA2-136EAD886B7E}"
EndProject
Global
	GlobalSection(SolutionConfigurationPlatforms) = preSolution
		Debug|Any CPU = Debug|Any CPU
		Release|Any CPU = Release|Any CPU
	EndGlobalSection
	GlobalSection(ProjectConfigurationPlatforms) = postSolution
		{E7A19ABB-1C0B-46E8-8AA2-136EAD886B7E}.Debug|Any CPU.ActiveCfg = Debug|Any CPU
		{E7A19ABB-1C0B-46E8-8AA2-136EAD886B7E}.Debug|Any CPU.Build.0 = Debug|Any CPU
		{E7A19ABB-1C0B-46E8-8AA2-136EAD886B7E}.Release|Any CPU.ActiveCfg = Release|Any CPU
		{E7A19ABB-1C0B-46E8-8AA2-136EAD886B7E}.Release|Any CPU.Build.0 = Release|Any CPU
	EndGlobalSection
	GlobalSection(SolutionProperties) = preSolution
		HideSolutionNode = FALSE
	EndGlobalSection
	GlobalSection(ExtensibilityGlobals) = postSolution
		SolutionGuid = {ED9A9264-26D5-4A8F-9EA3-E5E64300EB09}
	EndGlobalSection
EndGlobal
